// !$*UTF8*$!
{
	archiveVersion = 1;
	classes = {
	};
	objectVersion = 46;
	objects = {

/* Begin PBXBuildFile section */
		3C293B211A105D7E006F117C /* AppDelegate.swift in Sources */ = {isa = PBXBuildFile; fileRef = 3C293B201A105D7E006F117C /* AppDelegate.swift */; };
		3C293B231A105D7E006F117C /* ViewController.swift in Sources */ = {isa = PBXBuildFile; fileRef = 3C293B221A105D7E006F117C /* ViewController.swift */; };
		3C293B261A105D7E006F117C /* Main.storyboard in Resources */ = {isa = PBXBuildFile; fileRef = 3C293B241A105D7E006F117C /* Main.storyboard */; };
		3C293B281A105D7E006F117C /* Images.xcassets in Resources */ = {isa = PBXBuildFile; fileRef = 3C293B271A105D7E006F117C /* Images.xcassets */; };
		3C293B2B1A105D7E006F117C /* LaunchScreen.xib in Resources */ = {isa = PBXBuildFile; fileRef = 3C293B291A105D7E006F117C /* LaunchScreen.xib */; };
		3C293B371A105D7E006F117C /* KeystoneTests.swift in Sources */ = {isa = PBXBuildFile; fileRef = 3C293B361A105D7E006F117C /* KeystoneTests.swift */; };
/* End PBXBuildFile section */

/* Begin PBXContainerItemProxy section */
		3C293B311A105D7E006F117C /* PBXContainerItemProxy */ = {
			isa = PBXContainerItemProxy;
			containerPortal = 3C293B131A105D7E006F117C /* Project object */;
			proxyType = 1;
			remoteGlobalIDString = 3C293B1A1A105D7E006F117C;
			remoteInfo = Keystone;
		};
/* End PBXContainerItemProxy section */

/* Begin PBXFileReference section */
		3C293B1B1A105D7E006F117C /* Keystone.app */ = {isa = PBXFileReference; explicitFileType = wrapper.application; includeInIndex = 0; path = Keystone.app; sourceTree = BUILT_PRODUCTS_DIR; };
		3C293B1F1A105D7E006F117C /* Info.plist */ = {isa = PBXFileReference; lastKnownFileType = text.plist.xml; path = Info.plist; sourceTree = "<group>"; };
		3C293B201A105D7E006F117C /* AppDelegate.swift */ = {isa = PBXFileReference; lastKnownFileType = sourcecode.swift; path = AppDelegate.swift; sourceTree = "<group>"; };
		3C293B221A105D7E006F117C /* ViewController.swift */ = {isa = PBXFileReference; lastKnownFileType = sourcecode.swift; path = ViewController.swift; sourceTree = "<group>"; };
		3C293B251A105D7E006F117C /* Base */ = {isa = PBXFileReference; lastKnownFileType = file.storyboard; name = Base; path = Base.lproj/Main.storyboard; sourceTree = "<group>"; };
		3C293B271A105D7E006F117C /* Images.xcassets */ = {isa = PBXFileReference; lastKnownFileType = folder.assetcatalog; path = Images.xcassets; sourceTree = "<group>"; };
		3C293B2A1A105D7E006F117C /* Base */ = {isa = PBXFileReference; lastKnownFileType = file.xib; name = Base; path = Base.lproj/LaunchScreen.xib; sourceTree = "<group>"; };
		3C293B301A105D7E006F117C /* KeystoneTests.xctest */ = {isa = PBXFileReference; explicitFileType = wrapper.cfbundle; includeInIndex = 0; path = KeystoneTests.xctest; sourceTree = BUILT_PRODUCTS_DIR; };
		3C293B351A105D7E006F117C /* Info.plist */ = {isa = PBXFileReference; lastKnownFileType = text.plist.xml; path = Info.plist; sourceTree = "<group>"; };
		3C293B361A105D7E006F117C /* KeystoneTests.swift */ = {isa = PBXFileReference; lastKnownFileType = sourcecode.swift; path = KeystoneTests.swift; sourceTree = "<group>"; };
/* End PBXFileReference section */

/* Begin PBXFrameworksBuildPhase section */
		3C293B181A105D7E006F117C /* Frameworks */ = {
			isa = PBXFrameworksBuildPhase;
			buildActionMask = 2147483647;
			files = (
			);
			runOnlyForDeploymentPostprocessing = 0;
		};
		3C293B2D1A105D7E006F117C /* Frameworks */ = {
			isa = PBXFrameworksBuildPhase;
			buildActionMask = 2147483647;
			files = (
			);
			runOnlyForDeploymentPostprocessing = 0;
		};
/* End PBXFrameworksBuildPhase section */

/* Begin PBXGroup section */
		3C293B121A105D7E006F117C = {
			isa = PBXGroup;
			children = (
				3C293B1D1A105D7E006F117C /* Keystone */,
				3C293B331A105D7E006F117C /* KeystoneTests */,
				3C293B1C1A105D7E006F117C /* Products */,
			);
			sourceTree = "<group>";
		};
		3C293B1C1A105D7E006F117C /* Products */ = {
			isa = PBXGroup;
			children = (
				3C293B1B1A105D7E006F117C /* Keystone.app */,
				3C293B301A105D7E006F117C /* KeystoneTests.xctest */,
			);
			name = Products;
			sourceTree = "<group>";
		};
		3C293B1D1A105D7E006F117C /* Keystone */ = {
			isa = PBXGroup;
			children = (
				3C293B201A105D7E006F117C /* AppDelegate.swift */,
				3C293B221A105D7E006F117C /* ViewController.swift */,
				3C293B241A105D7E006F117C /* Main.storyboard */,
				3C293B271A105D7E006F117C /* Images.xcassets */,
				3C293B291A105D7E006F117C /* LaunchScreen.xib */,
				3C293B1E1A105D7E006F117C /* Supporting Files */,
			);
			path = Keystone;
			sourceTree = "<group>";
		};
		3C293B1E1A105D7E006F117C /* Supporting Files */ = {
			isa = PBXGroup;
			children = (
				3C293B1F1A105D7E006F117C /* Info.plist */,
			);
			name = "Supporting Files";
			sourceTree = "<group>";
		};
		3C293B331A105D7E006F117C /* KeystoneTests */ = {
			isa = PBXGroup;
			children = (
				3C293B361A105D7E006F117C /* KeystoneTests.swift */,
				3C293B341A105D7E006F117C /* Supporting Files */,
			);
			path = KeystoneTests;
			sourceTree = "<group>";
		};
		3C293B341A105D7E006F117C /* Supporting Files */ = {
			isa = PBXGroup;
			children = (
				3C293B351A105D7E006F117C /* Info.plist */,
			);
			name = "Supporting Files";
			sourceTree = "<group>";
		};
/* End PBXGroup section */

/* Begin PBXNativeTarget section */
		3C293B1A1A105D7E006F117C /* Keystone */ = {
			isa = PBXNativeTarget;
			buildConfigurationList = 3C293B3A1A105D7E006F117C /* Build configuration list for PBXNativeTarget "Keystone" */;
			buildPhases = (
				3C293B171A105D7E006F117C /* Sources */,
				3C293B181A105D7E006F117C /* Frameworks */,
				3C293B191A105D7E006F117C /* Resources */,
			);
			buildRules = (
			);
			dependencies = (
			);
			name = Keystone;
			productName = Keystone;
			productReference = 3C293B1B1A105D7E006F117C /* Keystone.app */;
			productType = "com.apple.product-type.application";
		};
		3C293B2F1A105D7E006F117C /* KeystoneTests */ = {
			isa = PBXNativeTarget;
			buildConfigurationList = 3C293B3D1A105D7E006F117C /* Build configuration list for PBXNativeTarget "KeystoneTests" */;
			buildPhases = (
				3C293B2C1A105D7E006F117C /* Sources */,
				3C293B2D1A105D7E006F117C /* Frameworks */,
				3C293B2E1A105D7E006F117C /* Resources */,
			);
			buildRules = (
			);
			dependencies = (
				3C293B321A105D7E006F117C /* PBXTargetDependency */,
			);
			name = KeystoneTests;
			productName = KeystoneTests;
			productReference = 3C293B301A105D7E006F117C /* KeystoneTests.xctest */;
			productType = "com.apple.product-type.bundle.unit-test";
		};
/* End PBXNativeTarget section */

/* Begin PBXProject section */
		3C293B131A105D7E006F117C /* Project object */ = {
			isa = PBXProject;
			attributes = {
				LastUpgradeCheck = 0610;
				ORGANIZATIONNAME = oameya;
				TargetAttributes = {
					3C293B1A1A105D7E006F117C = {
						CreatedOnToolsVersion = 6.1;
					};
					3C293B2F1A105D7E006F117C = {
						CreatedOnToolsVersion = 6.1;
						TestTargetID = 3C293B1A1A105D7E006F117C;
					};
				};
			};
			buildConfigurationList = 3C293B161A105D7E006F117C /* Build configuration list for PBXProject "Keystone" */;
			compatibilityVersion = "Xcode 3.2";
			developmentRegion = English;
			hasScannedForEncodings = 0;
			knownRegions = (
				en,
				Base,
			);
			mainGroup = 3C293B121A105D7E006F117C;
			productRefGroup = 3C293B1C1A105D7E006F117C /* Products */;
			projectDirPath = "";
			projectRoot = "";
			targets = (
				3C293B1A1A105D7E006F117C /* Keystone */,
				3C293B2F1A105D7E006F117C /* KeystoneTests */,
			);
		};
/* End PBXProject section */

/* Begin PBXResourcesBuildPhase section */
		3C293B191A105D7E006F117C /* Resources */ = {
			isa = PBXResourcesBuildPhase;
			buildActionMask = 2147483647;
			files = (
				3C293B261A105D7E006F117C /* Main.storyboard in Resources */,
				3C293B2B1A105D7E006F117C /* LaunchScreen.xib in Resources */,
				3C293B281A105D7E006F117C /* Images.xcassets in Resources */,
			);
			runOnlyForDeploymentPostprocessing = 0;
		};
		3C293B2E1A105D7E006F117C /* Resources */ = {
			isa = PBXResourcesBuildPhase;
			buildActionMask = 2147483647;
			files = (
			);
			runOnlyForDeploymentPostprocessing = 0;
		};
/* End PBXResourcesBuildPhase section */

/* Begin PBXSourcesBuildPhase section */
		3C293B171A105D7E006F117C /* Sources */ = {
			isa = PBXSourcesBuildPhase;
			buildActionMask = 2147483647;
			files = (
				3C293B231A105D7E006F117C /* ViewController.swift in Sources */,
				3C293B211A105D7E006F117C /* AppDelegate.swift in Sources */,
			);
			runOnlyForDeploymentPostprocessing = 0;
		};
		3C293B2C1A105D7E006F117C /* Sources */ = {
			isa = PBXSourcesBuildPhase;
			buildActionMask = 2147483647;
			files = (
				3C293B371A105D7E006F117C /* KeystoneTests.swift in Sources */,
			);
			runOnlyForDeploymentPostprocessing = 0;
		};
/* End PBXSourcesBuildPhase section */

/* Begin PBXTargetDependency section */
		3C293B321A105D7E006F117C /* PBXTargetDependency */ = {
			isa = PBXTargetDependency;
			target = 3C293B1A1A105D7E006F117C /* Keystone */;
			targetProxy = 3C293B311A105D7E006F117C /* PBXContainerItemProxy */;
		};
/* End PBXTargetDependency section */

/* Begin PBXVariantGroup section */
		3C293B241A105D7E006F117C /* Main.storyboard */ = {
			isa = PBXVariantGroup;
			children = (
				3C293B251A105D7E006F117C /* Base */,
			);
			name = Main.storyboard;
			sourceTree = "<group>";
		};
		3C293B291A105D7E006F117C /* LaunchScreen.xib */ = {
			isa = PBXVariantGroup;
			children = (
				3C293B2A1A105D7E006F117C /* Base */,
			);
			name = LaunchScreen.xib;
			sourceTree = "<group>";
		};
/* End PBXVariantGroup section */

/* Begin XCBuildConfiguration section */
		3C293B381A105D7E006F117C /* Debug */ = {
			isa = XCBuildConfiguration;
			buildSettings = {
				ALWAYS_SEARCH_USER_PATHS = NO;
				CLANG_CXX_LANGUAGE_STANDARD = "gnu++0x";
				CLANG_CXX_LIBRARY = "libc++";
				CLANG_ENABLE_MODULES = YES;
				CLANG_ENABLE_OBJC_ARC = YES;
				CLANG_WARN_BOOL_CONVERSION = YES;
				CLANG_WARN_CONSTANT_CONVERSION = YES;
				CLANG_WARN_DIRECT_OBJC_ISA_USAGE = YES_ERROR;
				CLANG_WARN_EMPTY_BODY = YES;
				CLANG_WARN_ENUM_CONVERSION = YES;
				CLANG_WARN_INT_CONVERSION = YES;
				CLANG_WARN_OBJC_ROOT_CLASS = YES_ERROR;
				CLANG_WARN_UNREACHABLE_CODE = YES;
				CLANG_WARN__DUPLICATE_METHOD_MATCH = YES;
				"CODE_SIGN_IDENTITY[sdk=iphoneos*]" = "iPhone Developer";
				COPY_PHASE_STRIP = NO;
				ENABLE_STRICT_OBJC_MSGSEND = YES;
				GCC_C_LANGUAGE_STANDARD = gnu99;
				GCC_DYNAMIC_NO_PIC = NO;
				GCC_OPTIMIZATION_LEVEL = 0;
				GCC_PREPROCESSOR_DEFINITIONS = (
					"DEBUG=1",
					"$(inherited)",
				);
				GCC_SYMBOLS_PRIVATE_EXTERN = NO;
				GCC_WARN_64_TO_32_BIT_CONVERSION = YES;
				GCC_WARN_ABOUT_RETURN_TYPE = YES_ERROR;
				GCC_WARN_UNDECLARED_SELECTOR = YES;
				GCC_WARN_UNINITIALIZED_AUTOS = YES_AGGRESSIVE;
				GCC_WARN_UNUSED_FUNCTION = YES;
				GCC_WARN_UNUSED_VARIABLE = YES;
				IPHONEOS_DEPLOYMENT_TARGET = 8.1;
				MTL_ENABLE_DEBUG_INFO = YES;
				ONLY_ACTIVE_ARCH = YES;
				SDKROOT = iphoneos;
				SWIFT_OPTIMIZATION_LEVEL = "-Onone";
				TARGETED_DEVICE_FAMILY = "1,2";
			};
			name = Debug;
		};
		3C293B391A105D7E006F117C /* Release */ = {
			isa = XCBuildConfiguration;
			buildSettings = {
				ALWAYS_SEARCH_USER_PATHS = NO;
				CLANG_CXX_LANGUAGE_STANDARD = "gnu++0x";
				CLANG_CXX_LIBRARY = "libc++";
				CLANG_ENABLE_MODULES = YES;
				CLANG_ENABLE_OBJC_ARC = YES;
				CLANG_WARN_BOOL_CONVERSION = YES;
				CLANG_WARN_CONSTANT_CONVERSION = YES;
				CLANG_WARN_DIRECT_OBJC_ISA_USAGE = YES_ERROR;
				CLANG_WARN_EMPTY_BODY = YES;
				CLANG_WARN_ENUM_CONVERSION = YES;
				CLANG_WARN_INT_CONVERSION = YES;
				CLANG_WARN_OBJC_ROOT_CLASS = YES_ERROR;
				CLANG_WARN_UNREACHABLE_CODE = YES;
				CLANG_WARN__DUPLICATE_METHOD_MATCH = YES;
				"CODE_SIGN_IDENTITY[sdk=iphoneos*]" = "iPhone Developer";
				COPY_PHASE_STRIP = YES;
				ENABLE_NS_ASSERTIONS = NO;
				ENABLE_STRICT_OBJC_MSGSEND = YES;
				GCC_C_LANGUAGE_STANDARD = gnu99;
				GCC_WARN_64_TO_32_BIT_CONVERSION = YES;
				GCC_WARN_ABOUT_RETURN_TYPE = YES_ERROR;
				GCC_WARN_UNDECLARED_SELECTOR = YES;
				GCC_WARN_UNINITIALIZED_AUTOS = YES_AGGRESSIVE;
				GCC_WARN_UNUSED_FUNCTION = YES;
				GCC_WARN_UNUSED_VARIABLE = YES;
				IPHONEOS_DEPLOYMENT_TARGET = 8.1;
				MTL_ENABLE_DEBUG_INFO = NO;
				SDKROOT = iphoneos;
				TARGETED_DEVICE_FAMILY = "1,2";
				VALIDATE_PRODUCT = YES;
			};
			name = Release;
		};
		3C293B3B1A105D7E006F117C /* Debug */ = {
			isa = XCBuildConfiguration;
			buildSettings = {
				ASSETCATALOG_COMPILER_APPICON_NAME = AppIcon;
				INFOPLIST_FILE = Keystone/Info.plist;
				LD_RUNPATH_SEARCH_PATHS = "$(inherited) @executable_path/Frameworks";
				PRODUCT_NAME = "$(TARGET_NAME)";
			};
			name = Debug;
		};
		3C293B3C1A105D7E006F117C /* Release */ = {
			isa = XCBuildConfiguration;
			buildSettings = {
				ASSETCATALOG_COMPILER_APPICON_NAME = AppIcon;
				INFOPLIST_FILE = Keystone/Info.plist;
				LD_RUNPATH_SEARCH_PATHS = "$(inherited) @executable_path/Frameworks";
				PRODUCT_NAME = "$(TARGET_NAME)";
			};
			name = Release;
		};
		3C293B3E1A105D7E006F117C /* Debug */ = {
			isa = XCBuildConfiguration;
			buildSettings = {
				BUNDLE_LOADER = "$(TEST_HOST)";
				FRAMEWORK_SEARCH_PATHS = (
					"$(SDKROOT)/Developer/Library/Frameworks",
					"$(inherited)",
				);
				GCC_PREPROCESSOR_DEFINITIONS = (
					"DEBUG=1",
					"$(inherited)",
				);
				INFOPLIST_FILE = KeystoneTests/Info.plist;
				LD_RUNPATH_SEARCH_PATHS = "$(inherited) @executable_path/Frameworks @loader_path/Frameworks";
				PRODUCT_NAME = "$(TARGET_NAME)";
				TEST_HOST = "$(BUILT_PRODUCTS_DIR)/Keystone.app/Keystone";
			};
			name = Debug;
		};
		3C293B3F1A105D7E006F117C /* Release */ = {
			isa = XCBuildConfiguration;
			buildSettings = {
				BUNDLE_LOADER = "$(TEST_HOST)";
				FRAMEWORK_SEARCH_PATHS = (
					"$(SDKROOT)/Developer/Library/Frameworks",
					"$(inherited)",
				);
				INFOPLIST_FILE = KeystoneTests/Info.plist;
				LD_RUNPATH_SEARCH_PATHS = "$(inherited) @executable_path/Frameworks @loader_path/Frameworks";
				PRODUCT_NAME = "$(TARGET_NAME)";
				TEST_HOST = "$(BUILT_PRODUCTS_DIR)/Keystone.app/Keystone";
			};
			name = Release;
		};
/* End XCBuildConfiguration section */

/* Begin XCConfigurationList section */
		3C293B161A105D7E006F117C /* Build configuration list for PBXProject "Keystone" */ = {
			isa = XCConfigurationList;
			buildConfigurations = (
				3C293B381A105D7E006F117C /* Debug */,
				3C293B391A105D7E006F117C /* Release */,
			);
			defaultConfigurationIsVisible = 0;
			defaultConfigurationName = Release;
		};
		3C293B3A1A105D7E006F117C /* Build configuration list for PBXNativeTarget "Keystone" */ = {
			isa = XCConfigurationList;
			buildConfigurations = (
				3C293B3B1A105D7E006F117C /* Debug */,
				3C293B3C1A105D7E006F117C /* Release */,
			);
			defaultConfigurationIsVisible = 0;
		};
		3C293B3D1A105D7E006F117C /* Build configuration list for PBXNativeTarget "KeystoneTests" */ = {
			isa = XCConfigurationList;
			buildConfigurations = (
				3C293B3E1A105D7E006F117C /* Debug */,
				3C293B3F1A105D7E006F117C /* Release */,
			);
			defaultConfigurationIsVisible = 0;
		};
/* End XCConfigurationList section */
	};
	rootObject = 3C293B131A105D7E006F117C /* Project object */;
}
